
Microsoft Visual Studio Solution File, Format Version 12.00
Project("{FAE04EC0-301F-11D3-BF4B-00C04F79EFBC}") = "DiningPhilosophers", "DiningPhilosophers.csproj", "{DB75B392-2A83-4737-90B6-C28C9783729A}"
EndProject
Global
	GlobalSection(SolutionConfigurationPlatforms) = preSolution
		Debug|Any CPU = Debug|Any CPU
		Release|Any CPU = Release|Any CPU
	EndGlobalSection
	GlobalSection(ProjectConfigurationPlatforms) = postSolution
		{DB75B392-2A83-4737-90B6-C28C9783729A}.Debug|Any CPU.ActiveCfg = Debug|Any CPU
		{DB75B392-2A83-4737-90B6-C28C9783729A}.Debug|Any CPU.Build.0 = Debug|Any CPU
		{DB75B392-2A83-4737-90B6-C28C9783729A}.Release|Any CPU.ActiveCfg = Release|Any CPU
		{DB75B392-2A83-4737-90B6-C28C9783729A}.Release|Any CPU.Build.0 = Release|Any CPU
	EndGlobalSection
EndGlobal
